<?xml version="1.0" encoding="UTF-8" standalone="yes" ?>
<CodeBlocks_project_file>
	<FileVersion major="1" minor="6" />
	<Project>
		<Option title="HASH" />
		<Option pch_mode="2" />
		<Option compiler="gcc" />
		<Build>
			<Target title="Debug">
				<Option output="bin/Debug/HASH" prefix_auto="1" extension_auto="1" />
				<Option object_output="obj/Debug/" />
				<Option type="0" />
				<Option compiler="gcc" />
				<Option projectLinkerOptionsRelation="2" />
				<Compiler>
					<Add option="-g" />
					<Add option="-D__WXDEBUG__" />
					<Add directory="C:/wxWidgets-3.1.1/lib/gcc_lib/mswud" />
				</Compiler>
				<ResourceCompiler>
					<Add directory="C:/wxWidgets-3.1.1/lib/gcc_lib/mswud" />
				</ResourceCompiler>
				<Linker>
					<Add library="C:/wxWidgets-3.1.1/lib/gcc_lib/libwxbase31u.a" />
					<Add library="C:/wxWidgets-3.1.1/lib/gcc_lib/libwxbase31u_net.a" />
					<Add library="C:/wxWidgets-3.1.1/lib/gcc_lib/libwxbase31u_xml.a" />
					<Add library="C:/wxWidgets-3.1.1/lib/gcc_lib/libwxbase31ud.a" />
					<Add library="C:/wxWidgets-3.1.1/lib/gcc_lib/libwxbase31ud_net.a" />
					<Add library="C:/wxWidgets-3.1.1/lib/gcc_lib/libwxbase31ud_xml.a" />
					<Add library="C:/wxWidgets-3.1.1/lib/gcc_lib/libwxexpat.a" />
					<Add library="C:/wxWidgets-3.1.1/lib/gcc_lib/libwxexpatd.a" />
					<Add library="C:/wxWidgets-3.1.1/lib/gcc_lib/libwxjpeg.a" />
					<Add library="C:/wxWidgets-3.1.1/lib/gcc_lib/libwxjpegd.a" />
					<Add library="C:/wxWidgets-3.1.1/lib/gcc_lib/libwxmsw31u_adv.a" />
					<Add library="C:/wxWidgets-3.1.1/lib/gcc_lib/libwxmsw31u_aui.a" />
					<Add library="C:/wxWidgets-3.1.1/lib/gcc_lib/libwxmsw31u_core.a" />
					<Add library="C:/wxWidgets-3.1.1/lib/gcc_lib/libwxmsw31u_gl.a" />
					<Add library="C:/wxWidgets-3.1.1/lib/gcc_lib/libwxmsw31u_html.a" />
					<Add library="C:/wxWidgets-3.1.1/lib/gcc_lib/libwxmsw31u_media.a" />
					<Add library="C:/wxWidgets-3.1.1/lib/gcc_lib/libwxmsw31u_propgrid.a" />
					<Add library="C:/wxWidgets-3.1.1/lib/gcc_lib/libwxmsw31u_ribbon.a" />
					<Add library="C:/wxWidgets-3.1.1/lib/gcc_lib/libwxmsw31u_richtext.a" />
					<Add library="C:/wxWidgets-3.1.1/lib/gcc_lib/libwxmsw31u_stc.a" />
					<Add library="C:/wxWidgets-3.1.1/lib/gcc_lib/libwxmsw31u_webview.a" />
					<Add library="C:/wxWidgets-3.1.1/lib/gcc_lib/libwxmsw31u_xrc.a" />
					<Add library="C:/wxWidgets-3.1.1/lib/gcc_lib/libwxmsw31ud_adv.a" />
					<Add library="C:/wxWidgets-3.1.1/lib/gcc_lib/libwxmsw31ud_aui.a" />
					<Add library="C:/wxWidgets-3.1.1/lib/gcc_lib/libwxmsw31ud_core.a" />
					<Add library="C:/wxWidgets-3.1.1/lib/gcc_lib/libwxmsw31ud_gl.a" />
					<Add library="C:/wxWidgets-3.1.1/lib/gcc_lib/libwxmsw31ud_html.a" />
					<Add library="C:/wxWidgets-3.1.1/lib/gcc_lib/libwxmsw31ud_media.a" />
					<Add library="C:/wxWidgets-3.1.1/lib/gcc_lib/libwxmsw31ud_propgrid.a" />
					<Add library="C:/wxWidgets-3.1.1/lib/gcc_lib/libwxmsw31ud_ribbon.a" />
					<Add library="C:/wxWidgets-3.1.1/lib/gcc_lib/libwxmsw31ud_richtext.a" />
					<Add library="C:/wxWidgets-3.1.1/lib/gcc_lib/libwxmsw31ud_stc.a" />
					<Add library="C:/wxWidgets-3.1.1/lib/gcc_lib/libwxmsw31ud_webview.a" />
					<Add library="C:/wxWidgets-3.1.1/lib/gcc_lib/libwxmsw31ud_xrc.a" />
					<Add library="C:/wxWidgets-3.1.1/lib/gcc_lib/libwxpng.a" />
					<Add library="C:/wxWidgets-3.1.1/lib/gcc_lib/libwxpngd.a" />
					<Add library="C:/wxWidgets-3.1.1/lib/gcc_lib/libwxregexu.a" />
					<Add library="C:/wxWidgets-3.1.1/lib/gcc_lib/libwxregexud.a" />
					<Add library="C:/wxWidgets-3.1.1/lib/gcc_lib/libwxscintilla.a" />
					<Add library="C:/wxWidgets-3.1.1/lib/gcc_lib/libwxscintillad.a" />
					<Add library="C:/wxWidgets-3.1.1/lib/gcc_lib/libwxtiff.a" />
					<Add library="C:/wxWidgets-3.1.1/lib/gcc_lib/libwxtiffd.a" />
					<Add library="C:/wxWidgets-3.1.1/lib/gcc_lib/libwxzlib.a" />
					<Add library="C:/wxWidgets-3.1.1/lib/gcc_lib/libwxzlibd.a" />
					<Add directory="C:/wxWidgets-3.1.1/lib/gcc_lib" />
				</Linker>
			</Target>
			<Target title="Release">
				<Option output="bin/Release/HASH" prefix_auto="1" extension_auto="1" />
				<Option object_output="obj/Release/" />
				<Option type="0" />
				<Option compiler="gcc" />
				<Option projectLinkerOptionsRelation="2" />
				<Compiler>
					<Add option="-O2" />
					<Add directory="C:/wxWidgets-3.1.1/lib/gcc_lib/mswu" />
				</Compiler>
				<ResourceCompiler>
					<Add directory="C:/wxWidgets-3.1.1/lib/gcc_lib/mswu" />
				</ResourceCompiler>
				<Linker>
					<Add option="-s" />
					<Add library="C:/wxWidgets-3.1.1/lib/gcc_lib/libwxbase31u.a" />
					<Add library="C:/wxWidgets-3.1.1/lib/gcc_lib/libwxbase31u_net.a" />
					<Add library="C:/wxWidgets-3.1.1/lib/gcc_lib/libwxbase31u_xml.a" />
					<Add library="C:/wxWidgets-3.1.1/lib/gcc_lib/libwxbase31ud.a" />
					<Add library="C:/wxWidgets-3.1.1/lib/gcc_lib/libwxbase31ud_net.a" />
					<Add library="C:/wxWidgets-3.1.1/lib/gcc_lib/libwxbase31ud_xml.a" />
					<Add library="C:/wxWidgets-3.1.1/lib/gcc_lib/libwxexpat.a" />
					<Add library="C:/wxWidgets-3.1.1/lib/gcc_lib/libwxexpatd.a" />
					<Add library="C:/wxWidgets-3.1.1/lib/gcc_lib/libwxjpeg.a" />
					<Add library="C:/wxWidgets-3.1.1/lib/gcc_lib/libwxjpegd.a" />
					<Add library="C:/wxWidgets-3.1.1/lib/gcc_lib/libwxmsw31u_adv.a" />
					<Add library="C:/wxWidgets-3.1.1/lib/gcc_lib/libwxmsw31u_aui.a" />
					<Add library="C:/wxWidgets-3.1.1/lib/gcc_lib/libwxmsw31u_core.a" />
					<Add library="C:/wxWidgets-3.1.1/lib/gcc_lib/libwxmsw31u_gl.a" />
					<Add library="C:/wxWidgets-3.1.1/lib/gcc_lib/libwxmsw31u_html.a" />
					<Add library="C:/wxWidgets-3.1.1/lib/gcc_lib/libwxmsw31u_media.a" />
					<Add library="C:/wxWidgets-3.1.1/lib/gcc_lib/libwxmsw31u_propgrid.a" />
					<Add library="C:/wxWidgets-3.1.1/lib/gcc_lib/libwxmsw31u_ribbon.a" />
					<Add library="C:/wxWidgets-3.1.1/lib/gcc_lib/libwxmsw31u_richtext.a" />
					<Add library="C:/wxWidgets-3.1.1/lib/gcc_lib/libwxmsw31u_stc.a" />
					<Add library="C:/wxWidgets-3.1.1/lib/gcc_lib/libwxmsw31u_webview.a" />
					<Add library="C:/wxWidgets-3.1.1/lib/gcc_lib/libwxmsw31u_xrc.a" />
					<Add library="C:/wxWidgets-3.1.1/lib/gcc_lib/libwxmsw31ud_adv.a" />
					<Add library="C:/wxWidgets-3.1.1/lib/gcc_lib/libwxmsw31ud_aui.a" />
					<Add library="C:/wxWidgets-3.1.1/lib/gcc_lib/libwxmsw31ud_core.a" />
					<Add library="C:/wxWidgets-3.1.1/lib/gcc_lib/libwxmsw31ud_gl.a" />
					<Add library="C:/wxWidgets-3.1.1/lib/gcc_lib/libwxmsw31ud_html.a" />
					<Add library="C:/wxWidgets-3.1.1/lib/gcc_lib/libwxmsw31ud_media.a" />
					<Add library="C:/wxWidgets-3.1.1/lib/gcc_lib/libwxmsw31ud_propgrid.a" />
					<Add library="C:/wxWidgets-3.1.1/lib/gcc_lib/libwxmsw31ud_ribbon.a" />
					<Add library="C:/wxWidgets-3.1.1/lib/gcc_lib/libwxmsw31ud_richtext.a" />
					<Add library="C:/wxWidgets-3.1.1/lib/gcc_lib/libwxmsw31ud_stc.a" />
					<Add library="C:/wxWidgets-3.1.1/lib/gcc_lib/libwxmsw31ud_webview.a" />
					<Add library="C:/wxWidgets-3.1.1/lib/gcc_lib/libwxmsw31ud_xrc.a" />
					<Add library="C:/wxWidgets-3.1.1/lib/gcc_lib/libwxpng.a" />
					<Add library="C:/wxWidgets-3.1.1/lib/gcc_lib/libwxpngd.a" />
					<Add library="C:/wxWidgets-3.1.1/lib/gcc_lib/libwxregexu.a" />
					<Add library="C:/wxWidgets-3.1.1/lib/gcc_lib/libwxregexud.a" />
					<Add library="C:/wxWidgets-3.1.1/lib/gcc_lib/libwxscintilla.a" />
					<Add library="C:/wxWidgets-3.1.1/lib/gcc_lib/libwxscintillad.a" />
					<Add library="C:/wxWidgets-3.1.1/lib/gcc_lib/libwxtiff.a" />
					<Add library="C:/wxWidgets-3.1.1/lib/gcc_lib/libwxtiffd.a" />
					<Add library="C:/wxWidgets-3.1.1/lib/gcc_lib/libwxzlib.a" />
					<Add library="C:/wxWidgets-3.1.1/lib/gcc_lib/libwxzlibd.a" />
					<Add directory="C:/wxWidgets-3.1.1/lib/gcc_lib" />
				</Linker>
			</Target>
		</Build>
		<Compiler>
			<Add option="-Wall" />
			<Add option="-pipe" />
			<Add option="-mthreads" />
			<Add option="-D__GNUWIN32__" />
			<Add option="-D__WXMSW__" />
			<Add option="-DwxUSE_UNICODE" />
			<Add directory="C:/wxWidgets-3.1.1/include" />
		</Compiler>
		<ResourceCompiler>
			<Add directory="C:/wxWidgets-3.1.1/include" />
		</ResourceCompiler>
		<Linker>
			<Add library="C:/wxWidgets-3.1.1/lib/gcc_lib/libwxbase31u.a" />
			<Add library="C:/wxWidgets-3.1.1/lib/gcc_lib/libwxbase31u_net.a" />
			<Add library="C:/wxWidgets-3.1.1/lib/gcc_lib/libwxbase31u_xml.a" />
			<Add library="C:/wxWidgets-3.1.1/lib/gcc_lib/libwxbase31ud.a" />
			<Add library="C:/wxWidgets-3.1.1/lib/gcc_lib/libwxbase31ud_net.a" />
			<Add library="C:/wxWidgets-3.1.1/lib/gcc_lib/libwxbase31ud_xml.a" />
			<Add library="C:/wxWidgets-3.1.1/lib/gcc_lib/libwxexpat.a" />
			<Add library="C:/wxWidgets-3.1.1/lib/gcc_lib/libwxexpatd.a" />
			<Add library="C:/wxWidgets-3.1.1/lib/gcc_lib/libwxjpeg.a" />
			<Add library="C:/wxWidgets-3.1.1/lib/gcc_lib/libwxjpegd.a" />
			<Add library="C:/wxWidgets-3.1.1/lib/gcc_lib/libwxmsw31u_adv.a" />
			<Add library="C:/wxWidgets-3.1.1/lib/gcc_lib/libwxmsw31u_aui.a" />
			<Add library="C:/wxWidgets-3.1.1/lib/gcc_lib/libwxmsw31u_core.a" />
			<Add library="C:/wxWidgets-3.1.1/lib/gcc_lib/libwxmsw31u_gl.a" />
			<Add library="C:/wxWidgets-3.1.1/lib/gcc_lib/libwxmsw31u_html.a" />
			<Add library="C:/wxWidgets-3.1.1/lib/gcc_lib/libwxmsw31u_media.a" />
			<Add library="C:/wxWidgets-3.1.1/lib/gcc_lib/libwxmsw31u_propgrid.a" />
			<Add library="C:/wxWidgets-3.1.1/lib/gcc_lib/libwxmsw31u_ribbon.a" />
			<Add library="C:/wxWidgets-3.1.1/lib/gcc_lib/libwxmsw31u_richtext.a" />
			<Add library="C:/wxWidgets-3.1.1/lib/gcc_lib/libwxmsw31u_stc.a" />
			<Add library="C:/wxWidgets-3.1.1/lib/gcc_lib/libwxmsw31u_webview.a" />
			<Add library="C:/wxWidgets-3.1.1/lib/gcc_lib/libwxmsw31u_xrc.a" />
			<Add library="C:/wxWidgets-3.1.1/lib/gcc_lib/libwxmsw31ud_adv.a" />
			<Add library="C:/wxWidgets-3.1.1/lib/gcc_lib/libwxmsw31ud_aui.a" />
			<Add library="C:/wxWidgets-3.1.1/lib/gcc_lib/libwxmsw31ud_core.a" />
			<Add library="C:/wxWidgets-3.1.1/lib/gcc_lib/libwxmsw31ud_gl.a" />
			<Add library="C:/wxWidgets-3.1.1/lib/gcc_lib/libwxmsw31ud_html.a" />
			<Add library="C:/wxWidgets-3.1.1/lib/gcc_lib/libwxmsw31ud_media.a" />
			<Add library="C:/wxWidgets-3.1.1/lib/gcc_lib/libwxmsw31ud_propgrid.a" />
			<Add library="C:/wxWidgets-3.1.1/lib/gcc_lib/libwxmsw31ud_ribbon.a" />
			<Add library="C:/wxWidgets-3.1.1/lib/gcc_lib/libwxmsw31ud_richtext.a" />
			<Add library="C:/wxWidgets-3.1.1/lib/gcc_lib/libwxmsw31ud_stc.a" />
			<Add library="C:/wxWidgets-3.1.1/lib/gcc_lib/libwxmsw31ud_webview.a" />
			<Add library="C:/wxWidgets-3.1.1/lib/gcc_lib/libwxmsw31ud_xrc.a" />
			<Add library="C:/wxWidgets-3.1.1/lib/gcc_lib/libwxpng.a" />
			<Add library="C:/wxWidgets-3.1.1/lib/gcc_lib/libwxpngd.a" />
			<Add library="C:/wxWidgets-3.1.1/lib/gcc_lib/libwxregexu.a" />
			<Add library="C:/wxWidgets-3.1.1/lib/gcc_lib/libwxregexud.a" />
			<Add library="C:/wxWidgets-3.1.1/lib/gcc_lib/libwxscintilla.a" />
			<Add library="C:/wxWidgets-3.1.1/lib/gcc_lib/libwxscintillad.a" />
			<Add library="C:/wxWidgets-3.1.1/lib/gcc_lib/libwxtiff.a" />
			<Add library="C:/wxWidgets-3.1.1/lib/gcc_lib/libwxtiffd.a" />
			<Add library="C:/wxWidgets-3.1.1/lib/gcc_lib/libwxzlib.a" />
			<Add library="C:/wxWidgets-3.1.1/lib/gcc_lib/libwxzlibd.a" />
		</Linker>
		<Unit filename="resource.rc">
			<Option compilerVar="WINDRES" />
		</Unit>
		<Unit filename="src/app/HASHApp.cpp" />
		<Unit filename="src/app/HASHApp.h" />
		<Unit filename="src/app/HASHMain.cpp" />
		<Unit filename="src/app/HASHMain.h" />
		<Unit filename="src/module/MD5.cpp" />
		<Unit filename="src/module/MD5.h" />
		<Unit filename="src/module/SHA1.cpp" />
		<Unit filename="src/module/SHA1.h" />
		<Unit filename="wxsmith/HASHdialog.wxs" />
		<Extensions>
			<code_completion />
			<envvars />
			<debugger />
			<wxsmith version="1">
				<gui name="wxWidgets" src="HASHApp.cpp" main="HASHDialog" init_handlers="necessary" language="CPP" />
				<resources>
					<wxDialog wxs="wxsmith/HASHdialog.wxs" src="HASHMain.cpp" hdr="HASHMain.h" fwddecl="0" i18n="1" name="HASHDialog" language="CPP" />
				</resources>
			</wxsmith>
		</Extensions>
	</Project>
</CodeBlocks_project_file>
